
Microsoft Visual Studio Solution File, Format Version 12.00
# Visual Studio Version 16
VisualStudioVersion = 16.0.29806.167
MinimumVisualStudioVersion = 10.0.40219.1
Project("{8BC9CEB8-8B4A-11D0-8D11-00A0C91BC942}") = "sortBinaryFileProj", "sortBinaryFileProj\sortBinaryFileProj.vcxproj", "{C0565E6C-7D23-420C-9157-1E4FDF7358FC}"
EndProject
Global
	GlobalSection(SolutionConfigurationPlatforms) = preSolution
		Debug|x64 = Debug|x64
		Debug|x86 = Debug|x86
		Release|x64 = Release|x64
		Release|x86 = Release|x86
	EndGlobalSection
	GlobalSection(ProjectConfigurationPlatforms) = postSolution
		{C0565E6C-7D23-420C-9157-1E4FDF7358FC}.Debug|x64.ActiveCfg = Debug|x64
		{C0565E6C-7D23-420C-9157-1E4FDF7358FC}.Debug|x64.Build.0 = Debug|x64
		{C0565E6C-7D23-420C-9157-1E4FDF7358FC}.Debug|x86.ActiveCfg = Debug|Win32
		{C0565E6C-7D23-420C-9157-1E4FDF7358FC}.Debug|x86.Build.0 = Debug|Win32
		{C0565E6C-7D23-420C-9157-1E4FDF7358FC}.Release|x64.ActiveCfg = Release|x64
		{C0565E6C-7D23-420C-9157-1E4FDF7358FC}.Release|x64.Build.0 = Release|x64
		{C0565E6C-7D23-420C-9157-1E4FDF7358FC}.Release|x86.ActiveCfg = Release|Win32
		{C0565E6C-7D23-420C-9157-1E4FDF7358FC}.Release|x86.Build.0 = Release|Win32
	EndGlobalSection
	GlobalSection(SolutionProperties) = preSolution
		HideSolutionNode = FALSE
	EndGlobalSection
	GlobalSection(ExtensibilityGlobals) = postSolution
		SolutionGuid = {91E314C4-6DEC-42BB-A876-E3C147598631}
	EndGlobalSection
EndGlobal
